
Microsoft Visual Studio Solution File, Format Version 12.00
# Visual Studio 16
Project("{FAE04EC0-301F-11D3-BF4B-00C04F79EFBC}") = "Assembly-CSharp", "Assembly-CSharp.csproj", "{C312E7A8-B53F-21B9-4409-0585828B3751}"
EndProject
Project("{FAE04EC0-301F-11D3-BF4B-00C04F79EFBC}") = "Assembly-CSharp-Editor", "Assembly-CSharp-Editor.csproj", "{C1A71A39-C9D3-3EB0-2D63-B77C7A018703}"
EndProject
Global
	GlobalSection(SolutionConfigurationPlatforms) = preSolution
		Debug|Any CPU = Debug|Any CPU
		Release|Any CPU = Release|Any CPU
	EndGlobalSection
	GlobalSection(ProjectConfigurationPlatforms) = postSolution
		{C312E7A8-B53F-21B9-4409-0585828B3751}.Debug|Any CPU.ActiveCfg = Debug|Any CPU
		{C312E7A8-B53F-21B9-4409-0585828B3751}.Debug|Any CPU.Build.0 = Debug|Any CPU
		{C312E7A8-B53F-21B9-4409-0585828B3751}.Release|Any CPU.ActiveCfg = Release|Any CPU
		{C312E7A8-B53F-21B9-4409-0585828B3751}.Release|Any CPU.Build.0 = Release|Any CPU
		{C1A71A39-C9D3-3EB0-2D63-B77C7A018703}.Debug|Any CPU.ActiveCfg = Debug|Any CPU
		{C1A71A39-C9D3-3EB0-2D63-B77C7A018703}.Debug|Any CPU.Build.0 = Debug|Any CPU
		{C1A71A39-C9D3-3EB0-2D63-B77C7A018703}.Release|Any CPU.ActiveCfg = Release|Any CPU
		{C1A71A39-C9D3-3EB0-2D63-B77C7A018703}.Release|Any CPU.Build.0 = Release|Any CPU
	EndGlobalSection
	GlobalSection(SolutionProperties) = preSolution
		HideSolutionNode = FALSE
	EndGlobalSection
EndGlobal
